
Microsoft Visual Studio Solution File, Format Version 11.00
# Visual Studio 2010
Project("{8BC9CEB8-8B4A-11D0-8D11-00A0C91BC942}") = "MFC浏览", "MFC浏览\MFC浏览.vcxproj", "{77B0E13A-6CDA-4BEA-ACEB-EDB679E40E34}"
EndProject
Global
	GlobalSection(SolutionConfigurationPlatforms) = preSolution
		Debug|Win32 = Debug|Win32
		Release|Win32 = Release|Win32
	EndGlobalSection
	GlobalSection(ProjectConfigurationPlatforms) = postSolution
		{77B0E13A-6CDA-4BEA-ACEB-EDB679E40E34}.Debug|Win32.ActiveCfg = Release|Win32
		{77B0E13A-6CDA-4BEA-ACEB-EDB679E40E34}.Debug|Win32.Build.0 = Release|Win32
		{77B0E13A-6CDA-4BEA-ACEB-EDB679E40E34}.Release|Win32.ActiveCfg = Release|Win32
		{77B0E13A-6CDA-4BEA-ACEB-EDB679E40E34}.Release|Win32.Build.0 = Release|Win32
	EndGlobalSection
	GlobalSection(SolutionProperties) = preSolution
		HideSolutionNode = FALSE
	EndGlobalSection
EndGlobal
